
Microsoft Visual Studio Solution File, Format Version 12.00
# Visual Studio Version 17
VisualStudioVersion = 17.6.33723.286
MinimumVisualStudioVersion = 10.0.40219.1
Project("{FAE04EC0-301F-11D3-BF4B-00C04F79EFBC}") = "ConsoleApp2", "ConsoleApp2\ConsoleApp2.csproj", "{C744888C-BACA-4223-89D1-0B099C270635}"
EndProject
Global
	GlobalSection(SolutionConfigurationPlatforms) = preSolution
		Debug|Any CPU = Debug|Any CPU
		Release|Any CPU = Release|Any CPU
	EndGlobalSection
	GlobalSection(ProjectConfigurationPlatforms) = postSolution
		{C744888C-BACA-4223-89D1-0B099C270635}.Debug|Any CPU.ActiveCfg = Debug|Any CPU
		{C744888C-BACA-4223-89D1-0B099C270635}.Debug|Any CPU.Build.0 = Debug|Any CPU
		{C744888C-BACA-4223-89D1-0B099C270635}.Release|Any CPU.ActiveCfg = Release|Any CPU
		{C744888C-BACA-4223-89D1-0B099C270635}.Release|Any CPU.Build.0 = Release|Any CPU
	EndGlobalSection
	GlobalSection(SolutionProperties) = preSolution
		HideSolutionNode = FALSE
	EndGlobalSection
	GlobalSection(ExtensibilityGlobals) = postSolution
		SolutionGuid = {6250D7BA-FC42-430E-BD2A-BABEC3BFDE23}
	EndGlobalSection
EndGlobal
